{
  "version": 4,
  "terraform_version": "1.4.2",
  "serial": 4,
  "lineage": "ac27e7c8-2433-97f2-eb1b-f9f7c15b0446",
  "outputs": {
    "string": {
      "value": "3U\u003eL$=KG8Y",
      "type": "string"
    }
  },
  "resources": [
    {
      "mode": "managed",
      "type": "local_file",
      "name": "sample_res",
      "provider": "provider[\"registry.terraform.io/hashicorp/local\"]",
      "instances": [
        {
          "schema_version": 0,
          "attributes": {
            "content": "I AM VERRY VERRY HAPPY",
            "content_base64": null,
            "content_base64sha256": "jkknbYRdTGFoVUVbyVpsqk/WaGreFwZagHW1frpUVoA=",
            "content_base64sha512": "DCiz0HtTa3un/xeu3iK60ikNLEz0mhNbBgh04Wu8O33S4OwENOWNa9IRdxiH9jkHGsCQDCyWuAxfM2ezljdBZQ==",
            "content_md5": "375c0cb2b0a8a44ebd4a8e9a6202b52c",
            "content_sha1": "91c1fc1123f0bfd6b576aa3195648be5f263bbe3",
            "content_sha256": "8e49276d845d4c616855455bc95a6caa4fd6686ade17065a8075b57eba545680",
            "content_sha512": "0c28b3d07b536b7ba7ff17aede22bad2290d2c4cf49a135b060874e16bbc3b7dd2e0ec0434e58d6bd211771887f639071ac0900c2c96b80c5f3367b396374165",
            "directory_permission": "0777",
            "file_permission": "0777",
            "filename": "sample.txt",
            "id": "91c1fc1123f0bfd6b576aa3195648be5f263bbe3",
            "sensitive_content": null,
            "source": null
          },
          "sensitive_attributes": []
        }
      ]
    },
    {
      "mode": "managed",
      "type": "random_string",
      "name": "rst",
      "provider": "provider[\"registry.terraform.io/hashicorp/random\"]",
      "instances": [
        {
          "schema_version": 2,
          "attributes": {
            "id": "3U\u003eL$=KG8Y",
            "keepers": null,
            "length": 10,
            "lower": true,
            "min_lower": 0,
            "min_numeric": 0,
            "min_special": 0,
            "min_upper": 0,
            "number": true,
            "numeric": true,
            "override_special": null,
            "result": "3U\u003eL$=KG8Y",
            "special": true,
            "upper": true
          },
          "sensitive_attributes": []
        }
      ]
    }
  ],
  "check_results": null
}
