{
  "version": 4,
  "terraform_version": "1.4.2",
  "serial": 4,
  "lineage": "52fcd984-0fbb-402d-226c-875c733582da",
  "outputs": {},
  "resources": [
    {
      "mode": "managed",
      "type": "google_sql_database_instance",
      "name": "htsql",
      "provider": "provider[\"registry.terraform.io/hashicorp/google\"]",
      "instances": [
        {
          "schema_version": 0,
          "attributes": {
            "available_maintenance_versions": [],
            "clone": [],
            "connection_name": "linen-arch-374006:us-central1:htsql",
            "database_version": "MYSQL_5_6",
            "deletion_protection": false,
            "encryption_key_name": null,
            "first_ip_address": "35.184.6.14",
            "id": "htsql",
            "instance_type": "CLOUD_SQL_INSTANCE",
            "ip_address": [
              {
                "ip_address": "35.184.6.14",
                "time_to_retire": "",
                "type": "PRIMARY"
              }
            ],
            "maintenance_version": "MYSQL_5_6_51.R20221108.00_08",
            "master_instance_name": "",
            "name": "htsql",
            "private_ip_address": "",
            "project": "linen-arch-374006",
            "public_ip_address": "35.184.6.14",
            "region": "us-central1",
            "replica_configuration": [],
            "restore_backup_context": [],
            "root_password": null,
            "self_link": "https://sqladmin.googleapis.com/sql/v1beta4/projects/linen-arch-374006/instances/htsql",
            "server_ca_cert": [
              {
                "cert": "-----BEGIN CERTIFICATE-----\nMIIDfzCCAmegAwIBAgIBADANBgkqhkiG9w0BAQsFADB3MS0wKwYDVQQuEyQzODE2\nYWU0Ni1jNTg3LTQxNWQtOGM1My1kNmYxZWEwNzE5MzgxIzAhBgNVBAMTGkdvb2ds\nZSBDbG91ZCBTUUwgU2VydmVyIENBMRQwEgYDVQQKEwtHb29nbGUsIEluYzELMAkG\nA1UEBhMCVVMwHhcNMjMwNDA0MDkwNTU1WhcNMzMwNDAxMDkwNjU1WjB3MS0wKwYD\nVQQuEyQzODE2YWU0Ni1jNTg3LTQxNWQtOGM1My1kNmYxZWEwNzE5MzgxIzAhBgNV\nBAMTGkdvb2dsZSBDbG91ZCBTUUwgU2VydmVyIENBMRQwEgYDVQQKEwtHb29nbGUs\nIEluYzELMAkGA1UEBhMCVVMwggEiMA0GCSqGSIb3DQEBAQUAA4IBDwAwggEKAoIB\nAQCvE/c4ll+ldHjP8023r+cZn1t21Jv1CJ96HtUfump3Z/64sdLwA//oWuRZME/X\nenRG9HvVTtDOV/n63ylLN0vNLo+s9IagYB7oZoUMl4XGZrIVBRFfoZ1VUFbP6TkC\nd58g9R8EFhAr1DqTCIU6G37AdMKY+C8rqYEW9JEm0cncGawrue5BgAhSSHePFfkW\nNQWEth9SNsQ/Rou2TSwA52IEi9rJ3avqJbjlt0BqndePPoHcHGLbpF4JDmGstg+1\nDalROAYqkvf40YwaF94STGpiBX3OfHCghzE4HygqFlU8TZe+TVgoj3hLDeQskvom\nHLuegHvgukZ5cOM4q9SZ5lWdAgMBAAGjFjAUMBIGA1UdEwEB/wQIMAYBAf8CAQAw\nDQYJKoZIhvcNAQELBQADggEBAIAYBytJmRwpIboLftAbQR4SDwjYsC4h16rEdMQW\ntZPRvcOdtTsBhfxj9XGyoc+hJJqACPs4bdfruOtTjBhKUWqpViyRPiJymcnVqjVL\nLwV0e0J2+Q1SPnmp0AqQWy7z+8IQpQ1dK6tbhhQOI7GDykxE9hZXv+z3VmRX7jHF\nbLHLG0sXZOTDZYbt9y4F6/1cgTcjQXEnlVUmG7htRFaaMssJ6I+li44Iniet/cSh\nWQBtgaMw9IzaUISeiwfasaA5K2151pZm9qATLWAMFZJGQ9rdEmjdnHU85BEStVVP\nMtJ1cLIg2XibON95XjTkD/aGN9VzW1VaYBt47Zsg08FKg2g=\n-----END CERTIFICATE-----",
                "common_name": "C=US,O=Google\\, Inc,CN=Google Cloud SQL Server CA,dnQualifier=3816ae46-c587-415d-8c53-d6f1ea071938",
                "create_time": "2023-04-04T09:05:55.891Z",
                "expiration_time": "2033-04-01T09:06:55.891Z",
                "sha1_fingerprint": "5717744aa7a42f9913d05218a5f18f7d0d5368c5"
              }
            ],
            "service_account_email_address": "p917478215586-1rjpsy@gcp-sa-cloud-sql.iam.gserviceaccount.com",
            "settings": [
              {
                "activation_policy": "ALWAYS",
                "active_directory_config": [],
                "availability_type": "ZONAL",
                "backup_configuration": [
                  {
                    "backup_retention_settings": [
                      {
                        "retained_backups": 7,
                        "retention_unit": "COUNT"
                      }
                    ],
                    "binary_log_enabled": false,
                    "enabled": false,
                    "location": "",
                    "point_in_time_recovery_enabled": false,
                    "start_time": "06:00",
                    "transaction_log_retention_days": 7
                  }
                ],
                "collation": "",
                "connector_enforcement": "NOT_REQUIRED",
                "database_flags": [],
                "deletion_protection_enabled": false,
                "deny_maintenance_period": [],
                "disk_autoresize": true,
                "disk_autoresize_limit": 0,
                "disk_size": 10,
                "disk_type": "PD_SSD",
                "insights_config": [],
                "ip_configuration": [
                  {
                    "allocated_ip_range": "",
                    "authorized_networks": [],
                    "enable_private_path_for_google_cloud_services": false,
                    "ipv4_enabled": true,
                    "private_network": "",
                    "require_ssl": false
                  }
                ],
                "location_preference": [
                  {
                    "follow_gae_application": "",
                    "secondary_zone": "",
                    "zone": "us-central1-b"
                  }
                ],
                "maintenance_window": [],
                "password_validation_policy": [],
                "pricing_plan": "PER_USE",
                "sql_server_audit_config": [],
                "tier": "db-f1-micro",
                "time_zone": "",
                "user_labels": {},
                "version": 1
              }
            ],
            "timeouts": null
          },
          "sensitive_attributes": [],
          "private": "eyJlMmJmYjczMC1lY2FhLTExZTYtOGY4OC0zNDM2M2JjN2M0YzAiOnsiY3JlYXRlIjoyNDAwMDAwMDAwMDAwLCJkZWxldGUiOjE4MDAwMDAwMDAwMDAsInVwZGF0ZSI6MTgwMDAwMDAwMDAwMH19"
        }
      ]
    },
    {
      "mode": "managed",
      "type": "google_sql_user",
      "name": "user_creation",
      "provider": "provider[\"registry.terraform.io/hashicorp/google\"]",
      "instances": [
        {
          "schema_version": 1,
          "attributes": {
            "deletion_policy": null,
            "host": "",
            "id": "Harsh//htsql",
            "instance": "htsql",
            "name": "Harsh",
            "password": "Harsh@123",
            "password_policy": [],
            "project": "linen-arch-374006",
            "sql_server_user_details": [],
            "timeouts": null,
            "type": ""
          },
          "sensitive_attributes": [],
          "private": "eyJlMmJmYjczMC1lY2FhLTExZTYtOGY4OC0zNDM2M2JjN2M0YzAiOnsiY3JlYXRlIjo2MDAwMDAwMDAwMDAsImRlbGV0ZSI6NjAwMDAwMDAwMDAwLCJ1cGRhdGUiOjYwMDAwMDAwMDAwMH0sInNjaGVtYV92ZXJzaW9uIjoiMSJ9",
          "dependencies": [
            "google_sql_database_instance.htsql"
          ]
        }
      ]
    }
  ],
  "check_results": null
}
