{
  "version": 4,
  "terraform_version": "1.4.2",
  "serial": 1,
  "lineage": "87adf71a-8ffe-3500-55cd-a312bed2112f",
  "outputs": {},
  "resources": [
    {
      "mode": "managed",
      "type": "local_file",
      "name": "text_file",
      "provider": "provider[\"registry.terraform.io/hashicorp/local\"]",
      "instances": [
        {
          "schema_version": 0,
          "attributes": {
            "content": "I Love terraform",
            "content_base64": null,
            "content_base64sha256": "gp7SX+6Eat+kXy0SGsz3SequiUboM5nBgH8p0a+c5BI=",
            "content_base64sha512": "PUzlhlgMWLVWP1Kl30alc/Z5+rgzVBHC+2dMiNR11a0HHfuVmkIdQDDsmoqBaq9ZpIVXgT8OE/zK6B0fR4/Snw==",
            "content_md5": "aaf2b81531d0adbc033d70e9b3680e3d",
            "content_sha1": "0c1969824b9903c07294f37740fb7017ca008526",
            "content_sha256": "829ed25fee846adfa45f2d121accf749eaae8946e83399c1807f29d1af9ce412",
            "content_sha512": "3d4ce586580c58b5563f52a5df46a573f679fab8335411c2fb674c88d475d5ad071dfb959a421d4030ec9a8a816aaf59a48557813f0e13fccae81d1f478fd29f",
            "directory_permission": "0777",
            "file_permission": "0777",
            "filename": "text.txt",
            "id": "0c1969824b9903c07294f37740fb7017ca008526",
            "sensitive_content": null,
            "source": null
          },
          "sensitive_attributes": []
        }
      ]
    }
  ],
  "check_results": null
}
