{
  "version": 4,
  "terraform_version": "1.4.2",
  "serial": 5,
  "lineage": "719b0c8d-5cd8-0dd4-b508-da46b51ab6e3",
  "outputs": {},
  "resources": [
    {
      "mode": "managed",
      "type": "google_pubsub_subscription",
      "name": "sub-ht",
      "provider": "provider[\"registry.terraform.io/hashicorp/google\"]",
      "instances": [
        {
          "schema_version": 0,
          "attributes": {
            "ack_deadline_seconds": 10,
            "bigquery_config": [],
            "dead_letter_policy": [],
            "enable_exactly_once_delivery": false,
            "enable_message_ordering": false,
            "expiration_policy": [
              {
                "ttl": "2678400s"
              }
            ],
            "filter": "",
            "id": "projects/linen-arch-374006/subscriptions/sub-ht",
            "labels": null,
            "message_retention_duration": "604800s",
            "name": "sub-ht",
            "project": "linen-arch-374006",
            "push_config": [],
            "retain_acked_messages": false,
            "retry_policy": [],
            "timeouts": null,
            "topic": "projects/linen-arch-374006/topics/topic-ht"
          },
          "sensitive_attributes": [],
          "private": "eyJlMmJmYjczMC1lY2FhLTExZTYtOGY4OC0zNDM2M2JjN2M0YzAiOnsiY3JlYXRlIjoxMjAwMDAwMDAwMDAwLCJkZWxldGUiOjEyMDAwMDAwMDAwMDAsInVwZGF0ZSI6MTIwMDAwMDAwMDAwMH19",
          "dependencies": [
            "google_pubsub_topic.topic-ht"
          ]
        }
      ]
    },
    {
      "mode": "managed",
      "type": "google_pubsub_topic",
      "name": "topic-ht",
      "provider": "provider[\"registry.terraform.io/hashicorp/google\"]",
      "instances": [
        {
          "schema_version": 0,
          "attributes": {
            "id": "projects/linen-arch-374006/topics/topic-ht",
            "kms_key_name": "",
            "labels": {},
            "message_retention_duration": "",
            "message_storage_policy": [],
            "name": "topic-ht",
            "project": "linen-arch-374006",
            "schema_settings": [],
            "timeouts": null
          },
          "sensitive_attributes": [],
          "private": "eyJlMmJmYjczMC1lY2FhLTExZTYtOGY4OC0zNDM2M2JjN2M0YzAiOnsiY3JlYXRlIjoxMjAwMDAwMDAwMDAwLCJkZWxldGUiOjEyMDAwMDAwMDAwMDAsInVwZGF0ZSI6MTIwMDAwMDAwMDAwMH19"
        }
      ]
    }
  ],
  "check_results": null
}
