{
  "version": 4,
  "terraform_version": "1.4.2",
  "serial": 18,
  "lineage": "14e07a9d-4512-7bb7-024b-1a0e3f3b7640",
  "outputs": {},
  "resources": [
    {
      "mode": "managed",
      "type": "google_cloudfunctions_function",
      "name": "ht-fun",
      "provider": "provider[\"registry.terraform.io/hashicorp/google\"]",
      "instances": [
        {
          "schema_version": 0,
          "attributes": {
            "available_memory_mb": 128,
            "build_environment_variables": null,
            "build_worker_pool": "",
            "description": "This is by ht function",
            "docker_registry": "CONTAINER_REGISTRY",
            "docker_repository": "",
            "entry_point": "helloWorldtf",
            "environment_variables": {},
            "event_trigger": [],
            "https_trigger_security_level": "SECURE_OPTIONAL",
            "https_trigger_url": "https://us-central1-linen-arch-374006.cloudfunctions.net/ht-fun",
            "id": "projects/linen-arch-374006/locations/us-central1/functions/ht-fun",
            "ingress_settings": "ALLOW_ALL",
            "kms_key_name": "",
            "labels": {},
            "max_instances": 0,
            "min_instances": 0,
            "name": "ht-fun",
            "project": "linen-arch-374006",
            "region": "us-central1",
            "runtime": "nodejs18",
            "secret_environment_variables": [],
            "secret_volumes": [],
            "service_account_email": "linen-arch-374006@appspot.gserviceaccount.com",
            "source_archive_bucket": "htbucket786000",
            "source_archive_object": "index.zip",
            "source_repository": [],
            "timeout": 60,
            "timeouts": null,
            "trigger_http": true,
            "vpc_connector": "",
            "vpc_connector_egress_settings": ""
          },
          "sensitive_attributes": [],
          "private": "eyJlMmJmYjczMC1lY2FhLTExZTYtOGY4OC0zNDM2M2JjN2M0YzAiOnsiY3JlYXRlIjozMDAwMDAwMDAwMDAsImRlbGV0ZSI6MzAwMDAwMDAwMDAwLCJyZWFkIjozMDAwMDAwMDAwMDAsInVwZGF0ZSI6MzAwMDAwMDAwMDAwfX0=",
          "dependencies": [
            "google_storage_bucket.htbuck",
            "google_storage_bucket_object.srccode"
          ]
        }
      ]
    },
    {
      "mode": "managed",
      "type": "google_cloudfunctions_function_iam_binding",
      "name": "rolebind",
      "provider": "provider[\"registry.terraform.io/hashicorp/google\"]",
      "instances": [
        {
          "schema_version": 0,
          "attributes": {
            "cloud_function": "projects/linen-arch-374006/locations/us-central1/functions/ht-fun",
            "condition": [],
            "etag": "BwX4afscV7I=",
            "id": "projects/linen-arch-374006/locations/us-central1/functions/ht-fun/roles/cloudfunctions.invoker",
            "members": [
              "allUsers"
            ],
            "project": "linen-arch-374006",
            "region": "us-central1",
            "role": "roles/cloudfunctions.invoker"
          },
          "sensitive_attributes": [],
          "private": "bnVsbA==",
          "dependencies": [
            "google_cloudfunctions_function.ht-fun"
          ]
        }
      ]
    },
    {
      "mode": "managed",
      "type": "google_storage_bucket",
      "name": "htbuck",
      "provider": "provider[\"registry.terraform.io/hashicorp/google\"]",
      "instances": [
        {
          "schema_version": 0,
          "attributes": {
            "autoclass": [],
            "cors": [],
            "custom_placement_config": [],
            "default_event_based_hold": false,
            "encryption": [],
            "force_destroy": false,
            "id": "htbucket786000",
            "labels": {},
            "lifecycle_rule": [],
            "location": "US",
            "logging": [],
            "name": "htbucket786000",
            "project": "linen-arch-374006",
            "public_access_prevention": "inherited",
            "requester_pays": false,
            "retention_policy": [],
            "self_link": "https://www.googleapis.com/storage/v1/b/htbucket786000",
            "storage_class": "STANDARD",
            "timeouts": null,
            "uniform_bucket_level_access": false,
            "url": "gs://htbucket786000",
            "versioning": [],
            "website": []
          },
          "sensitive_attributes": [],
          "private": "eyJlMmJmYjczMC1lY2FhLTExZTYtOGY4OC0zNDM2M2JjN2M0YzAiOnsiY3JlYXRlIjo2MDAwMDAwMDAwMDAsInJlYWQiOjI0MDAwMDAwMDAwMCwidXBkYXRlIjoyNDAwMDAwMDAwMDB9fQ=="
        }
      ]
    },
    {
      "mode": "managed",
      "type": "google_storage_bucket_object",
      "name": "srccode",
      "provider": "provider[\"registry.terraform.io/hashicorp/google\"]",
      "instances": [
        {
          "schema_version": 0,
          "attributes": {
            "bucket": "htbucket786000",
            "cache_control": "",
            "content": null,
            "content_disposition": "",
            "content_encoding": "",
            "content_language": "",
            "content_type": "application/zip",
            "crc32c": "lIDMNw==",
            "customer_encryption": [],
            "detect_md5hash": "+wclCJRT3gD8VWv47CYprA==",
            "event_based_hold": false,
            "id": "htbucket786000-index.zip",
            "kms_key_name": "",
            "md5hash": "+wclCJRT3gD8VWv47CYprA==",
            "media_link": "https://storage.googleapis.com/download/storage/v1/b/htbucket786000/o/index.zip?generation=1680504169298623\u0026alt=media",
            "metadata": {},
            "name": "index.zip",
            "output_name": "index.zip",
            "self_link": "https://www.googleapis.com/storage/v1/b/htbucket786000/o/index.zip",
            "source": "index.zip",
            "storage_class": "STANDARD",
            "temporary_hold": false,
            "timeouts": null
          },
          "sensitive_attributes": [],
          "private": "eyJlMmJmYjczMC1lY2FhLTExZTYtOGY4OC0zNDM2M2JjN2M0YzAiOnsiY3JlYXRlIjoyNDAwMDAwMDAwMDAsImRlbGV0ZSI6MjQwMDAwMDAwMDAwLCJ1cGRhdGUiOjI0MDAwMDAwMDAwMH19",
          "dependencies": [
            "google_storage_bucket.htbuck"
          ]
        }
      ]
    }
  ],
  "check_results": null
}
