{
  "version": 4,
  "terraform_version": "1.4.2",
  "serial": 8,
  "lineage": "9b3e0aea-805f-bda7-2e5c-c181bcb3abd4",
  "outputs": {},
  "resources": [
    {
      "mode": "managed",
      "type": "google_bigquery_dataset",
      "name": "ds_ht",
      "provider": "provider[\"registry.terraform.io/hashicorp/google\"]",
      "instances": [
        {
          "schema_version": 0,
          "attributes": {
            "access": [
              {
                "dataset": [],
                "domain": "",
                "group_by_email": "",
                "role": "OWNER",
                "routine": [],
                "special_group": "",
                "user_by_email": "hut-service@linen-arch-374006.iam.gserviceaccount.com",
                "view": []
              },
              {
                "dataset": [],
                "domain": "",
                "group_by_email": "",
                "role": "OWNER",
                "routine": [],
                "special_group": "projectOwners",
                "user_by_email": "",
                "view": []
              },
              {
                "dataset": [],
                "domain": "",
                "group_by_email": "",
                "role": "READER",
                "routine": [],
                "special_group": "projectReaders",
                "user_by_email": "",
                "view": []
              },
              {
                "dataset": [],
                "domain": "",
                "group_by_email": "",
                "role": "WRITER",
                "routine": [],
                "special_group": "projectWriters",
                "user_by_email": "",
                "view": []
              }
            ],
            "creation_time": 1195292904,
            "dataset_id": "dataset_ht786786000",
            "default_collation": "",
            "default_encryption_configuration": [],
            "default_partition_expiration_ms": 0,
            "default_table_expiration_ms": 0,
            "delete_contents_on_destroy": false,
            "description": "",
            "etag": "U+CaYIqgzLKjpOoTi1u7ig==",
            "friendly_name": "",
            "id": "projects/linen-arch-374006/datasets/dataset_ht786786000",
            "is_case_insensitive": false,
            "labels": {},
            "last_modified_time": 1195292904,
            "location": "US",
            "max_time_travel_hours": "",
            "project": "linen-arch-374006",
            "self_link": "https://bigquery.googleapis.com/bigquery/v2/projects/linen-arch-374006/datasets/dataset_ht786786000",
            "timeouts": null
          },
          "sensitive_attributes": [],
          "private": "eyJlMmJmYjczMC1lY2FhLTExZTYtOGY4OC0zNDM2M2JjN2M0YzAiOnsiY3JlYXRlIjoxMjAwMDAwMDAwMDAwLCJkZWxldGUiOjEyMDAwMDAwMDAwMDAsInVwZGF0ZSI6MTIwMDAwMDAwMDAwMH19"
        }
      ]
    },
    {
      "mode": "managed",
      "type": "google_bigquery_table",
      "name": "table_ht",
      "provider": "provider[\"registry.terraform.io/hashicorp/google\"]",
      "instances": [
        {
          "schema_version": 0,
          "attributes": {
            "clustering": null,
            "creation_time": 1195294061,
            "dataset_id": "dataset_ht786786000",
            "deletion_protection": false,
            "description": "",
            "encryption_configuration": [],
            "etag": "iReZ4OgjNnFKXhFNJJAUiQ==",
            "expiration_time": 0,
            "external_data_configuration": [],
            "friendly_name": "",
            "id": "projects/linen-arch-374006/datasets/dataset_ht786786000/tables/ht_table786786000",
            "labels": {},
            "last_modified_time": 1195294217,
            "location": "US",
            "materialized_view": [],
            "num_bytes": 0,
            "num_long_term_bytes": 0,
            "num_rows": 0,
            "project": "linen-arch-374006",
            "range_partitioning": [],
            "schema": null,
            "self_link": "https://bigquery.googleapis.com/bigquery/v2/projects/linen-arch-374006/datasets/dataset_ht786786000/tables/ht_table786786000",
            "table_id": "ht_table786786000",
            "time_partitioning": [],
            "type": "TABLE",
            "view": []
          },
          "sensitive_attributes": [],
          "private": "bnVsbA==",
          "dependencies": [
            "google_bigquery_dataset.ds_ht"
          ]
        }
      ]
    }
  ],
  "check_results": null
}
