{
  "version": 4,
  "terraform_version": "1.4.2",
  "serial": 3,
  "lineage": "49bbb939-b22e-ce01-dd50-1f833f99aa72",
  "outputs": {},
  "resources": [
    {
      "mode": "managed",
      "type": "google_redis_instance",
      "name": "rhtinstance",
      "provider": "provider[\"registry.terraform.io/hashicorp/google\"]",
      "instances": [
        {
          "schema_version": 0,
          "attributes": {
            "alternative_location_id": "",
            "auth_enabled": false,
            "auth_string": "",
            "authorized_network": "projects/linen-arch-374006/global/networks/default",
            "connect_mode": "DIRECT_PEERING",
            "create_time": "2023-04-04T14:34:20.645618147Z",
            "current_location_id": "asia-southeast1-a",
            "customer_managed_key": "",
            "display_name": "Redis instance from ht",
            "host": "10.232.139.59",
            "id": "projects/linen-arch-374006/locations/asia-southeast1/instances/htinstance",
            "labels": null,
            "location_id": "asia-southeast1-a",
            "maintenance_policy": [],
            "maintenance_schedule": [],
            "memory_size_gb": 1,
            "name": "htinstance",
            "nodes": [
              {
                "id": "node-0",
                "zone": "asia-southeast1-a"
              }
            ],
            "persistence_config": [
              {
                "persistence_mode": "DISABLED",
                "rdb_next_snapshot_time": "",
                "rdb_snapshot_period": "",
                "rdb_snapshot_start_time": ""
              }
            ],
            "persistence_iam_identity": "serviceAccount:service-917478215586@cloud-redis.iam.gserviceaccount.com",
            "port": 6379,
            "project": "linen-arch-374006",
            "read_endpoint": "",
            "read_endpoint_port": 0,
            "read_replicas_mode": "READ_REPLICAS_DISABLED",
            "redis_configs": null,
            "redis_version": "REDIS_5_0",
            "region": "asia-southeast1",
            "replica_count": 0,
            "reserved_ip_range": null,
            "secondary_ip_range": "",
            "server_ca_certs": [],
            "tier": "BASIC",
            "timeouts": null,
            "transit_encryption_mode": "DISABLED"
          },
          "sensitive_attributes": [],
          "private": "eyJlMmJmYjczMC1lY2FhLTExZTYtOGY4OC0zNDM2M2JjN2M0YzAiOnsiY3JlYXRlIjoxMjAwMDAwMDAwMDAwLCJkZWxldGUiOjEyMDAwMDAwMDAwMDAsInVwZGF0ZSI6MTIwMDAwMDAwMDAwMH19"
        }
      ]
    }
  ],
  "check_results": null
}
