{
  "version": 4,
  "terraform_version": "1.4.2",
  "serial": 15,
  "lineage": "cb2e64b6-8ac0-a700-22c8-0a47cb45f75a",
  "outputs": {},
  "resources": [
    {
      "mode": "managed",
      "type": "google_storage_bucket",
      "name": "GCS1",
      "provider": "provider[\"registry.terraform.io/hashicorp/google\"]",
      "instances": [
        {
          "schema_version": 0,
          "attributes": {
            "autoclass": [],
            "cors": [],
            "custom_placement_config": [],
            "default_event_based_hold": false,
            "encryption": [],
            "force_destroy": false,
            "id": "bucket-new-0004567890786",
            "labels": {
              "dep": "billing",
              "env": "ht"
            },
            "lifecycle_rule": [
              {
                "action": [
                  {
                    "storage_class": "STANDARD",
                    "type": "SetStorageClass"
                  }
                ],
                "condition": [
                  {
                    "age": 1,
                    "created_before": "",
                    "custom_time_before": "",
                    "days_since_custom_time": 0,
                    "days_since_noncurrent_time": 0,
                    "matches_prefix": [],
                    "matches_storage_class": [],
                    "matches_suffix": [],
                    "noncurrent_time_before": "",
                    "num_newer_versions": 0,
                    "with_state": "ANY"
                  }
                ]
              }
            ],
            "location": "US",
            "logging": [],
            "name": "bucket-new-0004567890786",
            "project": "linen-arch-374006",
            "public_access_prevention": "inherited",
            "requester_pays": false,
            "retention_policy": [
              {
                "is_locked": true,
                "retention_period": 86000
              }
            ],
            "self_link": "https://www.googleapis.com/storage/v1/b/bucket-new-0004567890786",
            "storage_class": "NEARLINE",
            "timeouts": null,
            "uniform_bucket_level_access": true,
            "url": "gs://bucket-new-0004567890786",
            "versioning": [],
            "website": []
          },
          "sensitive_attributes": [],
          "private": "eyJlMmJmYjczMC1lY2FhLTExZTYtOGY4OC0zNDM2M2JjN2M0YzAiOnsiY3JlYXRlIjo2MDAwMDAwMDAwMDAsInJlYWQiOjI0MDAwMDAwMDAwMCwidXBkYXRlIjoyNDAwMDAwMDAwMDB9fQ=="
        }
      ]
    },
    {
      "mode": "managed",
      "type": "google_storage_bucket_object",
      "name": "GCSOBJ",
      "provider": "provider[\"registry.terraform.io/hashicorp/google\"]",
      "instances": [
        {
          "schema_version": 0,
          "attributes": {
            "bucket": "bucket-new-0004567890786",
            "cache_control": "",
            "content": null,
            "content_disposition": "",
            "content_encoding": "",
            "content_language": "",
            "content_type": "image/jpeg",
            "crc32c": "EoGwYA==",
            "customer_encryption": [],
            "detect_md5hash": "rC7cxq+u5Z66Ec2i14iRvA==",
            "event_based_hold": false,
            "id": "bucket-new-0004567890786-Rahul_Pic",
            "kms_key_name": "",
            "md5hash": "rC7cxq+u5Z66Ec2i14iRvA==",
            "media_link": "https://storage.googleapis.com/download/storage/v1/b/bucket-new-0004567890786/o/Rahul_Pic?generation=1680180707141303\u0026alt=media",
            "metadata": {},
            "name": "Rahul_Pic",
            "output_name": "Rahul_Pic",
            "self_link": "https://www.googleapis.com/storage/v1/b/bucket-new-0004567890786/o/Rahul_Pic",
            "source": "image.JPG",
            "storage_class": "NEARLINE",
            "temporary_hold": false,
            "timeouts": null
          },
          "sensitive_attributes": [],
          "private": "eyJlMmJmYjczMC1lY2FhLTExZTYtOGY4OC0zNDM2M2JjN2M0YzAiOnsiY3JlYXRlIjoyNDAwMDAwMDAwMDAsImRlbGV0ZSI6MjQwMDAwMDAwMDAwLCJ1cGRhdGUiOjI0MDAwMDAwMDAwMH19",
          "dependencies": [
            "google_storage_bucket.GCS1"
          ]
        }
      ]
    }
  ],
  "check_results": null
}
