{
  "version": 4,
  "terraform_version": "1.4.2",
  "serial": 20,
  "lineage": "e60173f0-cd95-996f-d862-b732b8f912a2",
  "outputs": {},
  "resources": [
    {
      "mode": "managed",
      "type": "google_cloud_run_service",
      "name": "app-ht",
      "provider": "provider[\"registry.terraform.io/hashicorp/google\"]",
      "instances": [
        {
          "schema_version": 1,
          "attributes": {
            "autogenerate_revision_name": false,
            "id": "locations/asia-southeast1/namespaces/linen-arch-374006/services/app-ht",
            "location": "asia-southeast1",
            "metadata": [
              {
                "annotations": {
                  "run.googleapis.com/ingress": "all",
                  "run.googleapis.com/ingress-status": "all",
                  "run.googleapis.com/operation-id": "6d9942f4-815f-4b5a-b6a2-47c55d6748d0",
                  "serving.knative.dev/creator": "hut-service@linen-arch-374006.iam.gserviceaccount.com",
                  "serving.knative.dev/lastModifier": "hut-service@linen-arch-374006.iam.gserviceaccount.com"
                },
                "generation": 4,
                "labels": {
                  "cloud.googleapis.com/location": "asia-southeast1"
                },
                "namespace": "linen-arch-374006",
                "resource_version": "AAX4Ve8rghE",
                "self_link": "/apis/serving.knative.dev/v1/namespaces/917478215586/services/app-ht",
                "uid": "1dbecc13-937f-410e-9996-e9ac6a9bf3aa"
              }
            ],
            "name": "app-ht",
            "project": "linen-arch-374006",
            "status": [
              {
                "conditions": [
                  {
                    "message": "",
                    "reason": "",
                    "status": "True",
                    "type": "Ready"
                  },
                  {
                    "message": "",
                    "reason": "",
                    "status": "True",
                    "type": "ConfigurationsReady"
                  },
                  {
                    "message": "",
                    "reason": "",
                    "status": "True",
                    "type": "RoutesReady"
                  }
                ],
                "latest_created_revision_name": "app-ht-cpqlw",
                "latest_ready_revision_name": "app-ht-cpqlw",
                "observed_generation": 4,
                "url": "https://app-ht-a2n5s3j6rq-as.a.run.app"
              }
            ],
            "template": [
              {
                "metadata": [
                  {
                    "annotations": {
                      "autoscaling.knative.dev/maxScale": "1"
                    },
                    "generation": 0,
                    "labels": {},
                    "name": "",
                    "namespace": "",
                    "resource_version": "",
                    "self_link": "",
                    "uid": ""
                  }
                ],
                "spec": [
                  {
                    "container_concurrency": 80,
                    "containers": [
                      {
                        "args": [],
                        "command": [],
                        "env": [],
                        "env_from": [],
                        "image": "us-docker.pkg.dev/cloudrun/container/hello@sha256:51c707699ea3fb58874d2a919e0c4fd083c01d54847ecacffb097bcc42f93c7c",
                        "ports": [
                          {
                            "container_port": 8080,
                            "name": "http1",
                            "protocol": ""
                          }
                        ],
                        "resources": [
                          {
                            "limits": {
                              "cpu": "1000m",
                              "memory": "512Mi"
                            },
                            "requests": {}
                          }
                        ],
                        "volume_mounts": [],
                        "working_dir": ""
                      }
                    ],
                    "service_account_name": "917478215586-compute@developer.gserviceaccount.com",
                    "serving_state": "",
                    "timeout_seconds": 300,
                    "volumes": []
                  }
                ]
              }
            ],
            "timeouts": null,
            "traffic": [
              {
                "latest_revision": true,
                "percent": 0,
                "revision_name": "",
                "tag": "",
                "url": ""
              },
              {
                "latest_revision": false,
                "percent": 45,
                "revision_name": "app-ht-c5bsv",
                "tag": "",
                "url": ""
              },
              {
                "latest_revision": false,
                "percent": 55,
                "revision_name": "app-ht-98wr9",
                "tag": "",
                "url": ""
              }
            ]
          },
          "sensitive_attributes": [],
          "private": "eyJlMmJmYjczMC1lY2FhLTExZTYtOGY4OC0zNDM2M2JjN2M0YzAiOnsiY3JlYXRlIjoxMjAwMDAwMDAwMDAwLCJkZWxldGUiOjEyMDAwMDAwMDAwMDAsInVwZGF0ZSI6MTIwMDAwMDAwMDAwMH0sInNjaGVtYV92ZXJzaW9uIjoiMSJ9"
        }
      ]
    },
    {
      "mode": "managed",
      "type": "google_cloud_run_service_iam_binding",
      "name": "binding",
      "provider": "provider[\"registry.terraform.io/hashicorp/google\"]",
      "instances": [
        {
          "schema_version": 0,
          "attributes": {
            "condition": [],
            "etag": "BwX4Va3Y8XY=",
            "id": "v1/projects/linen-arch-374006/locations/asia-southeast1/services/app-ht/roles/run.invoker",
            "location": "asia-southeast1",
            "members": [
              "allUsers"
            ],
            "project": "linen-arch-374006",
            "role": "roles/run.invoker",
            "service": "v1/projects/linen-arch-374006/locations/asia-southeast1/services/app-ht"
          },
          "sensitive_attributes": [],
          "private": "bnVsbA==",
          "dependencies": [
            "google_cloud_run_service.app-ht"
          ]
        }
      ]
    }
  ],
  "check_results": null
}
