{
  "version": 4,
  "terraform_version": "1.4.2",
  "serial": 1,
  "lineage": "2ce5db5d-ce6a-0bf7-db24-f8283578312e",
  "outputs": {},
  "resources": [
    {
      "mode": "managed",
      "type": "local_file",
      "name": "cat_res",
      "provider": "provider[\"registry.terraform.io/hashicorp/local\"]",
      "instances": [
        {
          "schema_version": 0,
          "attributes": {
            "content": null,
            "content_base64": null,
            "content_base64sha256": "AFrwjGCiP4kN7c9jwAzxStbWbvz4gMrcOCKrLrNS4lw=",
            "content_base64sha512": "ah5B4i394P1+WzuK3qeEbvLQQkmWbQtAM2QBhY4zH0+pwssc+y+2aFx/JGbrrTnkL+GJzh9TyiNjf2uhpt4kpA==",
            "content_md5": "79461f2efb8f674a2b31bc9581536d1a",
            "content_sha1": "73c79fbb87e42f5b9d5b92ed4c4abcfec83e5014",
            "content_sha256": "005af08c60a23f890dedcf63c00cf14ad6d66efcf880cadc3822ab2eb352e25c",
            "content_sha512": "6a1e41e22dfde0fd7e5b3b8adea7846ef2d04249966d0b40336401858e331f4fa9c2cb1cfb2fb6685c7f2466ebad39e42fe189ce1f53ca23637f6ba1a6de24a4",
            "directory_permission": "0777",
            "file_permission": "0777",
            "filename": "cat.txt",
            "id": "73c79fbb87e42f5b9d5b92ed4c4abcfec83e5014",
            "sensitive_content": "I Love cat",
            "source": null
          },
          "sensitive_attributes": []
        }
      ]
    },
    {
      "mode": "managed",
      "type": "local_file",
      "name": "dog_res",
      "provider": "provider[\"registry.terraform.io/hashicorp/local\"]",
      "instances": [
        {
          "schema_version": 0,
          "attributes": {
            "content": null,
            "content_base64": null,
            "content_base64sha256": "UU0EES8EokFHvRkTbTmkC8t7CAGL57SZ42sMmnNuJ0Q=",
            "content_base64sha512": "Jhopya193ZCmoizU+eRwPbqsvb5L/q9qBSykV9BsTOhieQ1pbTysjUDh4D7Egq1TBIaJJaiV/QUGA7q/YpeNzg==",
            "content_md5": "4b6fb811407b86f573437f030bb5d2a9",
            "content_sha1": "f8e7a31856c1e5609397d8a1c9b9cedce9110117",
            "content_sha256": "514d04112f04a24147bd19136d39a40bcb7b08018be7b499e36b0c9a736e2744",
            "content_sha512": "261a29c9ad7ddd90a6a22cd4f9e4703dbaacbdbe4bfeaf6a052ca457d06c4ce862790d696d3cac8d40e1e03ec482ad5304868925a895fd050603babf62978dce",
            "directory_permission": "0777",
            "file_permission": "0777",
            "filename": "dog.txt",
            "id": "f8e7a31856c1e5609397d8a1c9b9cedce9110117",
            "sensitive_content": "I Love dog",
            "source": null
          },
          "sensitive_attributes": []
        }
      ]
    }
  ],
  "check_results": null
}
