{
  "version": 4,
  "terraform_version": "1.4.2",
  "serial": 5,
  "lineage": "9bb8c182-1ec3-5128-2cd5-d8e6edc98912",
  "outputs": {},
  "resources": [
    {
      "mode": "managed",
      "type": "google_bigtable_instance",
      "name": "ht-biginstance",
      "provider": "provider[\"registry.terraform.io/hashicorp/google\"]",
      "instances": [
        {
          "schema_version": 1,
          "attributes": {
            "cluster": [
              {
                "autoscaling_config": [],
                "cluster_id": "ht-clusterfor786",
                "kms_key_name": "",
                "num_nodes": 1,
                "storage_type": "SSD",
                "zone": "us-central1-a"
              }
            ],
            "deletion_protection": false,
            "display_name": "htbigtableinstance",
            "id": "projects/linen-arch-374006/instances/htbigtableinstance",
            "instance_type": "PRODUCTION",
            "labels": {
              "env": "testing"
            },
            "name": "htbigtableinstance",
            "project": "linen-arch-374006"
          },
          "sensitive_attributes": [],
          "private": "eyJzY2hlbWFfdmVyc2lvbiI6IjEifQ=="
        }
      ]
    },
    {
      "mode": "managed",
      "type": "google_bigtable_table",
      "name": "table_instance",
      "provider": "provider[\"registry.terraform.io/hashicorp/google\"]",
      "instances": [
        {
          "schema_version": 0,
          "attributes": {
            "column_family": [],
            "deletion_protection": "UNPROTECTED",
            "id": "projects/linen-arch-374006/instances/htbigtableinstance/tables/tableforht786",
            "instance_name": "htbigtableinstance",
            "name": "tableforht786",
            "project": "linen-arch-374006",
            "split_keys": null,
            "timeouts": null
          },
          "sensitive_attributes": [],
          "private": "eyJlMmJmYjczMC1lY2FhLTExZTYtOGY4OC0zNDM2M2JjN2M0YzAiOnsiY3JlYXRlIjoyNzAwMDAwMDAwMDAwfX0=",
          "dependencies": [
            "google_bigtable_instance.ht-biginstance"
          ]
        }
      ]
    }
  ],
  "check_results": null
}
