{
  "version": 4,
  "terraform_version": "1.4.2",
  "serial": 3,
  "lineage": "a2df1225-0ceb-3273-2d85-aed21cbd75c6",
  "outputs": {
    "name1": {
      "value": 696,
      "type": "number"
    }
  },
  "resources": [
    {
      "mode": "managed",
      "type": "random_integer",
      "name": "rint",
      "provider": "provider[\"registry.terraform.io/hashicorp/random\"]",
      "instances": [
        {
          "schema_version": 0,
          "attributes": {
            "id": "696",
            "keepers": null,
            "max": 1000,
            "min": 60,
            "result": 696,
            "seed": null
          },
          "sensitive_attributes": []
        }
      ]
    }
  ],
  "check_results": null
}
