{
  "version": 4,
  "terraform_version": "1.4.2",
  "serial": 4,
  "lineage": "87adf71a-8ffe-3500-55cd-a312bed2112f",
  "outputs": {},
  "resources": [
    {
      "mode": "managed",
      "type": "local_file",
      "name": "text_file",
      "provider": "provider[\"registry.terraform.io/hashicorp/local\"]",
      "instances": [
        {
          "schema_version": 0,
          "attributes": {
            "content": "I AM IRONMAN ",
            "content_base64": null,
            "content_base64sha256": "YICRyeAnwpbNJkz4/N5jGO6sAv6bEwRa5PztbpQAHL8=",
            "content_base64sha512": "B1JBPhTo2itV4KiynkAK99U4/mNConle5m2TYu5Tt/r4TcQnYMnYWJR83T8vdl3L27+AogFMMc8UvCoJJOKOOQ==",
            "content_md5": "26f1b97f53b5d609b008d42caf61e328",
            "content_sha1": "79b943d232062947206ffee02cee25dda063acc5",
            "content_sha256": "608091c9e027c296cd264cf8fcde6318eeac02fe9b13045ae4fced6e94001cbf",
            "content_sha512": "0752413e14e8da2b55e0a8b29e400af7d538fe6342a2795ee66d9362ee53b7faf84dc42760c9d858947cdd3f2f765dcbdbbf80a2014c31cf14bc2a0924e28e39",
            "directory_permission": "0777",
            "file_permission": "0777",
            "filename": "text.txt",
            "id": "79b943d232062947206ffee02cee25dda063acc5",
            "sensitive_content": null,
            "source": null
          },
          "sensitive_attributes": []
        }
      ]
    }
  ],
  "check_results": null
}
