{
  "version": 4,
  "terraform_version": "1.4.2",
  "serial": 9,
  "lineage": "9e012360-f5f4-29cc-762f-b91c74f74cd5",
  "outputs": {},
  "resources": [
    {
      "mode": "managed",
      "type": "random_integer",
      "name": "name",
      "provider": "provider[\"registry.terraform.io/hashicorp/random\"]",
      "instances": [
        {
          "schema_version": 0,
          "attributes": {
            "id": "552",
            "keepers": null,
            "max": 1000,
            "min": 0,
            "result": 552,
            "seed": null
          },
          "sensitive_attributes": []
        }
      ]
    }
  ],
  "check_results": null
}
