{
  "version": 4,
  "terraform_version": "1.4.2",
  "serial": 13,
  "lineage": "d08db3cc-5dec-f7e9-416c-1512394dbae1",
  "outputs": {},
  "resources": [
    {
      "mode": "managed",
      "type": "local_file",
      "name": "text_file",
      "provider": "provider[\"registry.terraform.io/hashicorp/local\"]",
      "instances": [
        {
          "schema_version": 0,
          "attributes": {
            "content": "789",
            "content_base64": null,
            "content_base64sha256": "NanjgbGidWdUm1+Kb3g8Fn6/gJ8cTWqeNnJASE2M4oE=",
            "content_base64sha512": "yph5vXJ7o72BXwX+a55GQMd0thzI8UEpVULO/Bt7j8bj2vP2VlVc3sNViU569Ilk6ImU2WD0G6j2H3oF1d29Bw==",
            "content_md5": "68053af2923e00204c3ca7c6a3150cf7",
            "content_sha1": "fc1200c7a7aa52109d762a9f005b149abef01479",
            "content_sha256": "35a9e381b1a27567549b5f8a6f783c167ebf809f1c4d6a9e367240484d8ce281",
            "content_sha512": "ca9879bd727ba3bd815f05fe6b9e4640c774b61cc8f141295542cefc1b7b8fc6e3daf3f656555cdec355894e7af48964e88994d960f41ba8f61f7a05d5ddbd07",
            "directory_permission": "0777",
            "file_permission": "0777",
            "filename": "text.txt",
            "id": "fc1200c7a7aa52109d762a9f005b149abef01479",
            "sensitive_content": null,
            "source": null
          },
          "sensitive_attributes": []
        }
      ]
    }
  ],
  "check_results": null
}
